
Microsoft Visual Studio Solution File, Format Version 12.00
# Visual Studio Version 17
VisualStudioVersion = 17.4.33213.308
MinimumVisualStudioVersion = 10.0.40219.1
Project("{FAE04EC0-301F-11D3-BF4B-00C04F79EFBC}") = "ConsoleApp6", "ConsoleApp6.csproj", "{690CC2A4-2527-4782-9C35-B184B76717D8}"
EndProject
Global
	GlobalSection(SolutionConfigurationPlatforms) = preSolution
		Debug|Any CPU = Debug|Any CPU
		Release|Any CPU = Release|Any CPU
	EndGlobalSection
	GlobalSection(ProjectConfigurationPlatforms) = postSolution
		{690CC2A4-2527-4782-9C35-B184B76717D8}.Debug|Any CPU.ActiveCfg = Debug|Any CPU
		{690CC2A4-2527-4782-9C35-B184B76717D8}.Debug|Any CPU.Build.0 = Debug|Any CPU
		{690CC2A4-2527-4782-9C35-B184B76717D8}.Release|Any CPU.ActiveCfg = Release|Any CPU
		{690CC2A4-2527-4782-9C35-B184B76717D8}.Release|Any CPU.Build.0 = Release|Any CPU
	EndGlobalSection
	GlobalSection(SolutionProperties) = preSolution
		HideSolutionNode = FALSE
	EndGlobalSection
	GlobalSection(ExtensibilityGlobals) = postSolution
		SolutionGuid = {4FE52185-9C60-4DD5-8CF3-E838BAFC8740}
	EndGlobalSection
EndGlobal
